# This file was autogenerated by Stack.
# You should not edit this file by hand.
# For more information, please see the documentation at:
#   https://docs.haskellstack.org/en/stable/lock_files

packages:
- completed:
    hackage: derive-storable-0.1.2.0@sha256:712726e685d88692524080843c9b802df898689fccf1556493ed0dbe6d5e7a09,2849
    pantry-tree:
      size: 1404
      sha256: 6d598d44e8c13087a5fb334632d3e20a5a9e0026cd9ecdfba978c66c484ddbb5
  original:
    hackage: derive-storable-0.1.2.0
- completed:
    hackage: glpk-headers-0.4.0@sha256:49f35aa4f9df18b28efcd8ea408a8b6a40dd398d60f90c6ee4ba21e597e693d7,1573
    pantry-tree:
      size: 440
      sha256: 7368915762bf33648569dd05900525663cc2a871c7b0c6561ffe1163f8c4a9d9
  original:
    hackage: glpk-headers-0.4.0
- completed:
    hackage: math-programming-0.4.0@sha256:bf6476d211029e3682b9b1a131dc96957efae0d45aa59921fe0e79023306d60b,1838
    pantry-tree:
      size: 603
      sha256: a891b00ad5d701cd803a7b9bffe3a72758a5da6a6de91132084271a22d1bf080
  original:
    hackage: math-programming-0.4.0
- completed:
    hackage: math-programming-tests-0.4.0@sha256:9d280c203af5f3a33f8f6059affec41e3619d170f095465a714267d8149d147a,1388
    pantry-tree:
      size: 555
      sha256: bd0302c246bb318009dea5117ad238651ecdddb66958728da2e41bf73f6aa6ba
  original:
    hackage: math-programming-tests-0.4.0
snapshots:
- completed:
    size: 524996
    url: https://raw.githubusercontent.com/commercialhaskell/stackage-snapshots/master/lts/14/27.yaml
    sha256: 7ea31a280c56bf36ff591a7397cc384d0dff622e7f9e4225b47d8980f019a0f0
  original: lts-14.27
